
Microsoft Visual Studio Solution File, Format Version 12.00
# Visual Studio 15
VisualStudioVersion = 15.0.27703.2026
MinimumVisualStudioVersion = 10.0.40219.1
Project("{FAE04EC0-301F-11D3-BF4B-00C04F79EFBC}") = "WebApp", "WebApp\WebApp.csproj", "{D884A9AB-A3B7-426B-BB12-07075630EC52}"
EndProject
Project("{FAE04EC0-301F-11D3-BF4B-00C04F79EFBC}") = "NorthwindSystem", "NorthwindSystem\NorthwindSystem.csproj", "{2AB3B596-5265-4825-876E-D400EA2A4183}"
EndProject
Project("{FAE04EC0-301F-11D3-BF4B-00C04F79EFBC}") = "NorthwindData", "NorthwindData\NorthwindData.csproj", "{AAF3BD45-8EE7-436D-9649-786A72004930}"
EndProject
Global
	GlobalSection(SolutionConfigurationPlatforms) = preSolution
		Debug|Any CPU = Debug|Any CPU
		Release|Any CPU = Release|Any CPU
	EndGlobalSection
	GlobalSection(ProjectConfigurationPlatforms) = postSolution
		{D884A9AB-A3B7-426B-BB12-07075630EC52}.Debug|Any CPU.ActiveCfg = Debug|Any CPU
		{D884A9AB-A3B7-426B-BB12-07075630EC52}.Debug|Any CPU.Build.0 = Debug|Any CPU
		{D884A9AB-A3B7-426B-BB12-07075630EC52}.Release|Any CPU.ActiveCfg = Release|Any CPU
		{D884A9AB-A3B7-426B-BB12-07075630EC52}.Release|Any CPU.Build.0 = Release|Any CPU
		{2AB3B596-5265-4825-876E-D400EA2A4183}.Debug|Any CPU.ActiveCfg = Debug|Any CPU
		{2AB3B596-5265-4825-876E-D400EA2A4183}.Debug|Any CPU.Build.0 = Debug|Any CPU
		{2AB3B596-5265-4825-876E-D400EA2A4183}.Release|Any CPU.ActiveCfg = Release|Any CPU
		{2AB3B596-5265-4825-876E-D400EA2A4183}.Release|Any CPU.Build.0 = Release|Any CPU
		{AAF3BD45-8EE7-436D-9649-786A72004930}.Debug|Any CPU.ActiveCfg = Debug|Any CPU
		{AAF3BD45-8EE7-436D-9649-786A72004930}.Debug|Any CPU.Build.0 = Debug|Any CPU
		{AAF3BD45-8EE7-436D-9649-786A72004930}.Release|Any CPU.ActiveCfg = Release|Any CPU
		{AAF3BD45-8EE7-436D-9649-786A72004930}.Release|Any CPU.Build.0 = Release|Any CPU
	EndGlobalSection
	GlobalSection(SolutionProperties) = preSolution
		HideSolutionNode = FALSE
	EndGlobalSection
	GlobalSection(ExtensibilityGlobals) = postSolution
		SolutionGuid = {8AC0CF07-1400-4FFD-8EC3-90AAE3C6C355}
	EndGlobalSection
EndGlobal
