
Microsoft Visual Studio Solution File, Format Version 12.00
# Visual Studio 15
VisualStudioVersion = 15.0.27703.2026
MinimumVisualStudioVersion = 10.0.40219.1
Project("{FAE04EC0-301F-11D3-BF4B-00C04F79EFBC}") = "WebApp", "WebApp\WebApp.csproj", "{50F1A254-F95B-4B39-9BAD-B39426EF6266}"
EndProject
Global
	GlobalSection(SolutionConfigurationPlatforms) = preSolution
		Debug|Any CPU = Debug|Any CPU
		Release|Any CPU = Release|Any CPU
	EndGlobalSection
	GlobalSection(ProjectConfigurationPlatforms) = postSolution
		{50F1A254-F95B-4B39-9BAD-B39426EF6266}.Debug|Any CPU.ActiveCfg = Debug|Any CPU
		{50F1A254-F95B-4B39-9BAD-B39426EF6266}.Debug|Any CPU.Build.0 = Debug|Any CPU
		{50F1A254-F95B-4B39-9BAD-B39426EF6266}.Release|Any CPU.ActiveCfg = Release|Any CPU
		{50F1A254-F95B-4B39-9BAD-B39426EF6266}.Release|Any CPU.Build.0 = Release|Any CPU
	EndGlobalSection
	GlobalSection(SolutionProperties) = preSolution
		HideSolutionNode = FALSE
	EndGlobalSection
	GlobalSection(ExtensibilityGlobals) = postSolution
		SolutionGuid = {64E51F89-271F-417C-8C87-343E0C8E0A5E}
	EndGlobalSection
EndGlobal
